
Microsoft Visual Studio Solution File, Format Version 12.00
# Visual Studio Version 17
VisualStudioVersion = 17.4.33205.214
MinimumVisualStudioVersion = 10.0.40219.1
Project("{9A19103F-16F7-4668-BE54-9A1E7A4F7556}") = "Application", "Application\Application.csproj", "{BCDCB966-A93F-4438-B273-C9734EB9BC05}"
	ProjectSection(ProjectDependencies) = postProject
		{2CEB53FA-95C9-4540-ABF8-1D489D5026CA} = {2CEB53FA-95C9-4540-ABF8-1D489D5026CA}
	EndProjectSection
EndProject
Project("{9A19103F-16F7-4668-BE54-9A1E7A4F7556}") = "Domain", "Domain\Domain.csproj", "{D7FA8E67-E7B1-4F22-931D-19A8A2FBE7FE}"
EndProject
Project("{9A19103F-16F7-4668-BE54-9A1E7A4F7556}") = "Services", "Services\Services.csproj", "{62653F87-01A4-41ED-BB89-8335039C421F}"
EndProject
Project("{9A19103F-16F7-4668-BE54-9A1E7A4F7556}") = "Tests", "Tests\Tests.csproj", "{4D91BF9D-5DED-4B44-BC6E-9EFC77D7B534}"
EndProject
Project("{2150E333-8FDC-42A3-9474-1A3956D46DE8}") = "1.Presentation", "1.Presentation", "{09B7DD16-41CA-4571-A9BE-56A72D8D1165}"
EndProject
Project("{2150E333-8FDC-42A3-9474-1A3956D46DE8}") = "3. Application", "3. Application", "{279BF99A-6B3D-429F-BA9A-06D154690975}"
EndProject
Project("{2150E333-8FDC-42A3-9474-1A3956D46DE8}") = "4.Domain", "4.Domain", "{8AF548F9-409F-4D38-ADB4-1DAB0E272275}"
EndProject
Project("{2150E333-8FDC-42A3-9474-1A3956D46DE8}") = "5.Infra", "5.Infra", "{643B271A-0D80-4180-8D88-865C434B75BF}"
EndProject
Project("{2150E333-8FDC-42A3-9474-1A3956D46DE8}") = "2. Services", "2. Services", "{D392B85B-F02A-46D2-BB83-29948D2FC1B7}"
EndProject
Project("{2150E333-8FDC-42A3-9474-1A3956D46DE8}") = "6.Test", "6.Test", "{6DD04D53-37FA-4EA6-A368-1F8566B0B8EB}"
EndProject
Project("{2150E333-8FDC-42A3-9474-1A3956D46DE8}") = "5.1.Data", "5.1.Data", "{B4679D5D-2139-408F-844B-4F4E074B4154}"
EndProject
Project("{9A19103F-16F7-4668-BE54-9A1E7A4F7556}") = "Infra.Data", "Infra.Data\Infra.Data.csproj", "{2CEB53FA-95C9-4540-ABF8-1D489D5026CA}"
EndProject
Global
	GlobalSection(SolutionConfigurationPlatforms) = preSolution
		Debug|Any CPU = Debug|Any CPU
		Release|Any CPU = Release|Any CPU
	EndGlobalSection
	GlobalSection(ProjectConfigurationPlatforms) = postSolution
		{BCDCB966-A93F-4438-B273-C9734EB9BC05}.Debug|Any CPU.ActiveCfg = Debug|Any CPU
		{BCDCB966-A93F-4438-B273-C9734EB9BC05}.Debug|Any CPU.Build.0 = Debug|Any CPU
		{BCDCB966-A93F-4438-B273-C9734EB9BC05}.Release|Any CPU.ActiveCfg = Release|Any CPU
		{BCDCB966-A93F-4438-B273-C9734EB9BC05}.Release|Any CPU.Build.0 = Release|Any CPU
		{D7FA8E67-E7B1-4F22-931D-19A8A2FBE7FE}.Debug|Any CPU.ActiveCfg = Debug|Any CPU
		{D7FA8E67-E7B1-4F22-931D-19A8A2FBE7FE}.Debug|Any CPU.Build.0 = Debug|Any CPU
		{D7FA8E67-E7B1-4F22-931D-19A8A2FBE7FE}.Release|Any CPU.ActiveCfg = Release|Any CPU
		{D7FA8E67-E7B1-4F22-931D-19A8A2FBE7FE}.Release|Any CPU.Build.0 = Release|Any CPU
		{62653F87-01A4-41ED-BB89-8335039C421F}.Debug|Any CPU.ActiveCfg = Debug|Any CPU
		{62653F87-01A4-41ED-BB89-8335039C421F}.Debug|Any CPU.Build.0 = Debug|Any CPU
		{62653F87-01A4-41ED-BB89-8335039C421F}.Release|Any CPU.ActiveCfg = Release|Any CPU
		{62653F87-01A4-41ED-BB89-8335039C421F}.Release|Any CPU.Build.0 = Release|Any CPU
		{4D91BF9D-5DED-4B44-BC6E-9EFC77D7B534}.Debug|Any CPU.ActiveCfg = Debug|Any CPU
		{4D91BF9D-5DED-4B44-BC6E-9EFC77D7B534}.Debug|Any CPU.Build.0 = Debug|Any CPU
		{4D91BF9D-5DED-4B44-BC6E-9EFC77D7B534}.Release|Any CPU.ActiveCfg = Release|Any CPU
		{4D91BF9D-5DED-4B44-BC6E-9EFC77D7B534}.Release|Any CPU.Build.0 = Release|Any CPU
		{2CEB53FA-95C9-4540-ABF8-1D489D5026CA}.Debug|Any CPU.ActiveCfg = Debug|Any CPU
		{2CEB53FA-95C9-4540-ABF8-1D489D5026CA}.Debug|Any CPU.Build.0 = Debug|Any CPU
		{2CEB53FA-95C9-4540-ABF8-1D489D5026CA}.Release|Any CPU.ActiveCfg = Release|Any CPU
		{2CEB53FA-95C9-4540-ABF8-1D489D5026CA}.Release|Any CPU.Build.0 = Release|Any CPU
	EndGlobalSection
	GlobalSection(SolutionProperties) = preSolution
		HideSolutionNode = FALSE
	EndGlobalSection
	GlobalSection(NestedProjects) = preSolution
		{BCDCB966-A93F-4438-B273-C9734EB9BC05} = {279BF99A-6B3D-429F-BA9A-06D154690975}
		{D7FA8E67-E7B1-4F22-931D-19A8A2FBE7FE} = {8AF548F9-409F-4D38-ADB4-1DAB0E272275}
		{62653F87-01A4-41ED-BB89-8335039C421F} = {D392B85B-F02A-46D2-BB83-29948D2FC1B7}
		{4D91BF9D-5DED-4B44-BC6E-9EFC77D7B534} = {6DD04D53-37FA-4EA6-A368-1F8566B0B8EB}
		{B4679D5D-2139-408F-844B-4F4E074B4154} = {643B271A-0D80-4180-8D88-865C434B75BF}
		{2CEB53FA-95C9-4540-ABF8-1D489D5026CA} = {B4679D5D-2139-408F-844B-4F4E074B4154}
	EndGlobalSection
	GlobalSection(ExtensibilityGlobals) = postSolution
		SolutionGuid = {F645CCA1-053C-44A5-85B0-7103172D6661}
	EndGlobalSection
EndGlobal
