{
  "name": "carllet-mvp",
  "lockfileVersion": 3,
  "requires": true,
  "packages": {
    "": {
      "dependencies": {
        "gitstats": "^0.0.1"
      }
    },
    "node_modules/gitstats": {
      "version": "0.0.1",
      "resolved": "https://registry.npmjs.org/gitstats/-/gitstats-0.0.1.tgz",
      "integrity": "sha512-x1ZsYKzSOluER9HsYvyBAywWsxTOFZr2zofx5Bfk6KJ4AZiQYNkEhqWOEn4JQ1NrIK5REQGoBc+hwIb56rLUsQ==",
      "engines": {
        "node": ">=0.8.0"
      }
    }
  }
}
